{
    "_readme": [
        "This file locks the dependencies of your project to a known state",
        "Read more about it at https://getcomposer.org/doc/01-basic-usage.md#installing-dependencies",
        "This file is @generated automatically"
    ],
    "content-hash": "402c1f302cb7dfb180583c472caa0106",
    "packages": [
        {
            "name": "minifw/common",
            "version": "dev-master",
            "source": {
                "type": "git",
                "url": "https://github.com/minifw/common.git",
                "reference": "99cd9fcabe2de35a42f0aca1dfb70e4cc8833b99"
            },
            "dist": {
                "type": "zip",
                "url": "https://api.github.com/repos/minifw/common/zipball/99cd9fcabe2de35a42f0aca1dfb70e4cc8833b99",
                "reference": "99cd9fcabe2de35a42f0aca1dfb70e4cc8833b99",
                "shasum": ""
            },
            "require": {
                "php": ">=7.4"
            },
            "require-dev": {
                "bamarni/composer-bin-plugin": "^1.5"
            },
            "default-branch": true,
            "type": "library",
            "extra": {
                "bamarni-bin": {
                    "bin-links": false,
                    "forward-command": true
                },
                "branch-alias": {
                    "dev-master": "1.0.x-dev"
                }
            },
            "autoload": {
                "psr-4": {
                    "Minifw\\Common\\": "src/"
                }
            },
            "notification-url": "https://packagist.org/downloads/",
            "license": [
                "LGPL-3.0-or-later"
            ],
            "authors": [
                {
                    "name": "Yang Ming",
                    "email": "yangming0116@163.com",
                    "role": "Developer"
                }
            ],
            "description": "common data for minifw",
            "homepage": "https://github.com/minifw/common",
            "keywords": [
                "framework",
                "php"
            ],
            "support": {
                "issues": "https://github.com/minifw/common/issues",
                "source": "https://github.com/minifw/common/tree/master"
            },
            "time": "2022-10-25T23:49:30+00:00"
        },
        {
            "name": "minifw/console",
            "version": "dev-master",
            "source": {
                "type": "git",
                "url": "https://github.com/minifw/console.git",
                "reference": "fabab47d592ee153dce23b7ca82832bf334c55ee"
            },
            "dist": {
                "type": "zip",
                "url": "https://api.github.com/repos/minifw/console/zipball/fabab47d592ee153dce23b7ca82832bf334c55ee",
                "reference": "fabab47d592ee153dce23b7ca82832bf334c55ee",
                "shasum": ""
            },
            "require": {
                "minifw/common": "^v1.0",
                "php": ">=7.4"
            },
            "require-dev": {
                "bamarni/composer-bin-plugin": "^1.5"
            },
            "default-branch": true,
            "type": "library",
            "extra": {
                "bamarni-bin": {
                    "bin-links": false,
                    "forward-command": true
                },
                "branch-alias": {
                    "dev-master": "1.0.x-dev"
                }
            },
            "autoload": {
                "psr-4": {
                    "Minifw\\Console\\": "src/"
                }
            },
            "notification-url": "https://packagist.org/downloads/",
            "license": [
                "LGPL-3.0-or-later"
            ],
            "authors": [
                {
                    "name": "Yang Ming",
                    "email": "yangming0116@163.com",
                    "role": "Developer"
                }
            ],
            "description": "php console control",
            "homepage": "https://github.com/minifw/console",
            "keywords": [
                "console",
                "php"
            ],
            "support": {
                "issues": "https://github.com/minifw/console/issues",
                "source": "https://github.com/minifw/console/tree/master"
            },
            "time": "2022-10-25T23:51:01+00:00"
        },
        {
            "name": "minifw/db",
            "version": "dev-master",
            "source": {
                "type": "git",
                "url": "https://github.com/minifw/db.git",
                "reference": "59377b70fd9b38977ad34e64eea5db42ad505705"
            },
            "dist": {
                "type": "zip",
                "url": "https://api.github.com/repos/minifw/db/zipball/59377b70fd9b38977ad34e64eea5db42ad505705",
                "reference": "59377b70fd9b38977ad34e64eea5db42ad505705",
                "shasum": ""
            },
            "require": {
                "minifw/common": "^1.0",
                "php": ">=7.4"
            },
            "require-dev": {
                "bamarni/composer-bin-plugin": "^1.5"
            },
            "default-branch": true,
            "type": "library",
            "extra": {
                "bamarni-bin": {
                    "bin-links": false,
                    "forward-command": true
                },
                "branch-alias": {
                    "dev-master": "1.0.x-dev"
                }
            },
            "autoload": {
                "psr-4": {
                    "Minifw\\DB\\": "src/"
                }
            },
            "notification-url": "https://packagist.org/downloads/",
            "license": [
                "LGPL-3.0-or-later"
            ],
            "authors": [
                {
                    "name": "Yang Ming",
                    "email": "yangming0116@163.com",
                    "role": "Developer"
                }
            ],
            "description": "Database Tool",
            "homepage": "https://github.com/minifw/db",
            "keywords": [
                "framework",
                "php"
            ],
            "support": {
                "issues": "https://github.com/minifw/db/issues",
                "source": "https://github.com/minifw/db/tree/master"
            },
            "time": "2022-10-25T23:50:25+00:00"
        }
    ],
    "packages-dev": [
        {
            "name": "bamarni/composer-bin-plugin",
            "version": "1.8.1",
            "source": {
                "type": "git",
                "url": "https://github.com/bamarni/composer-bin-plugin.git",
                "reference": "e12e9769c8ee97d036f7f98abf66b96cf3862346"
            },
            "dist": {
                "type": "zip",
                "url": "https://api.github.com/repos/bamarni/composer-bin-plugin/zipball/e12e9769c8ee97d036f7f98abf66b96cf3862346",
                "reference": "e12e9769c8ee97d036f7f98abf66b96cf3862346",
                "shasum": ""
            },
            "require": {
                "composer-plugin-api": "^2.0",
                "php": "^7.2.5 || ^8.0"
            },
            "require-dev": {
                "composer/composer": "^2.0",
                "ext-json": "*",
                "phpstan/extension-installer": "^1.1",
                "phpstan/phpstan": "^1.8",
                "phpstan/phpstan-phpunit": "^1.1",
                "phpunit/phpunit": "^8.5 || ^9.5",
                "symfony/console": "^2.8.52 || ^3.4.35 || ^4.4 || ^5.0 || ^6.0",
                "symfony/finder": "^2.8.52 || ^3.4.35 || ^4.4 || ^5.0 || ^6.0",
                "symfony/process": "^2.8.52 || ^3.4.35 || ^4.4 || ^5.0 || ^6.0"
            },
            "type": "composer-plugin",
            "extra": {
                "class": "Bamarni\\Composer\\Bin\\BamarniBinPlugin"
            },
            "autoload": {
                "psr-4": {
                    "Bamarni\\Composer\\Bin\\": "src"
                }
            },
            "notification-url": "https://packagist.org/downloads/",
            "license": [
                "MIT"
            ],
            "description": "No conflicts for your bin dependencies",
            "keywords": [
                "composer",
                "conflict",
                "dependency",
                "executable",
                "isolation",
                "tool"
            ],
            "support": {
                "issues": "https://github.com/bamarni/composer-bin-plugin/issues",
                "source": "https://github.com/bamarni/composer-bin-plugin/tree/1.8.1"
            },
            "time": "2022-08-03T19:58:11+00:00"
        }
    ],
    "aliases": [],
    "minimum-stability": "dev",
    "stability-flags": [],
    "prefer-stable": false,
    "prefer-lowest": false,
    "platform": {
        "php": ">=7.0",
        "ext-sqlite3": "*"
    },
    "platform-dev": [],
    "plugin-api-version": "2.3.0"
}
